
Microsoft Visual Studio Solution File, Format Version 12.00
# Visual Studio Version 16
VisualStudioVersion = 16.0.30717.126
MinimumVisualStudioVersion = 10.0.40219.1
Project("{FAE04EC0-301F-11D3-BF4B-00C04F79EFBC}") = "ScriptSharp", "ScriptSharp\ScriptSharp.csproj", "{C00DCC7D-75F8-46D3-B4F2-1DC789322349}"
EndProject
Project("{FAE04EC0-301F-11D3-BF4B-00C04F79EFBC}") = "ScriptSharp.Tests", "ScriptSharp.Tests\ScriptSharp.Tests.csproj", "{338AA845-C659-48B6-B5F8-96C349F56334}"
EndProject
Global
	GlobalSection(SolutionConfigurationPlatforms) = preSolution
		Debug|Any CPU = Debug|Any CPU
		Release|Any CPU = Release|Any CPU
	EndGlobalSection
	GlobalSection(ProjectConfigurationPlatforms) = postSolution
		{C00DCC7D-75F8-46D3-B4F2-1DC789322349}.Debug|Any CPU.ActiveCfg = Debug|Any CPU
		{C00DCC7D-75F8-46D3-B4F2-1DC789322349}.Debug|Any CPU.Build.0 = Debug|Any CPU
		{C00DCC7D-75F8-46D3-B4F2-1DC789322349}.Release|Any CPU.ActiveCfg = Release|Any CPU
		{C00DCC7D-75F8-46D3-B4F2-1DC789322349}.Release|Any CPU.Build.0 = Release|Any CPU
		{338AA845-C659-48B6-B5F8-96C349F56334}.Debug|Any CPU.ActiveCfg = Debug|Any CPU
		{338AA845-C659-48B6-B5F8-96C349F56334}.Debug|Any CPU.Build.0 = Debug|Any CPU
		{338AA845-C659-48B6-B5F8-96C349F56334}.Release|Any CPU.ActiveCfg = Release|Any CPU
		{338AA845-C659-48B6-B5F8-96C349F56334}.Release|Any CPU.Build.0 = Release|Any CPU
	EndGlobalSection
	GlobalSection(SolutionProperties) = preSolution
		HideSolutionNode = FALSE
	EndGlobalSection
	GlobalSection(ExtensibilityGlobals) = postSolution
		SolutionGuid = {86DB38CC-23D0-4AF9-826C-C6D682D1E721}
	EndGlobalSection
EndGlobal
